
Microsoft Visual Studio Solution File, Format Version 12.00
# Visual Studio Version 16
VisualStudioVersion = 16.0.30621.155
MinimumVisualStudioVersion = 10.0.40219.1
Project("{FAE04EC0-301F-11D3-BF4B-00C04F79EFBC}") = "Softplan_taxaJuros", "Softplan_taxaJuros\Softplan_taxaJuros.csproj", "{578CADD2-D0BD-4C83-99C7-F5EEE7612323}"
EndProject
Global
	GlobalSection(SolutionConfigurationPlatforms) = preSolution
		Debug|Any CPU = Debug|Any CPU
		Release|Any CPU = Release|Any CPU
	EndGlobalSection
	GlobalSection(ProjectConfigurationPlatforms) = postSolution
		{578CADD2-D0BD-4C83-99C7-F5EEE7612323}.Debug|Any CPU.ActiveCfg = Debug|Any CPU
		{578CADD2-D0BD-4C83-99C7-F5EEE7612323}.Debug|Any CPU.Build.0 = Debug|Any CPU
		{578CADD2-D0BD-4C83-99C7-F5EEE7612323}.Release|Any CPU.ActiveCfg = Release|Any CPU
		{578CADD2-D0BD-4C83-99C7-F5EEE7612323}.Release|Any CPU.Build.0 = Release|Any CPU
	EndGlobalSection
	GlobalSection(SolutionProperties) = preSolution
		HideSolutionNode = FALSE
	EndGlobalSection
	GlobalSection(ExtensibilityGlobals) = postSolution
		SolutionGuid = {EC80F880-C742-4E89-B683-34C133EBBCE5}
	EndGlobalSection
EndGlobal
